
Microsoft Visual Studio Solution File, Format Version 12.00
# Visual Studio Version 16
VisualStudioVersion = 16.0.30002.166
MinimumVisualStudioVersion = 10.0.40219.1
Project("{FAE04EC0-301F-11D3-BF4B-00C04F79EFBC}") = "ObServer", "ObServer\ObServer.csproj", "{3721FA6C-98E1-4A8A-A72D-AA152C29CA9A}"
EndProject
Global
	GlobalSection(SolutionConfigurationPlatforms) = preSolution
		Debug|Any CPU = Debug|Any CPU
		Release|Any CPU = Release|Any CPU
	EndGlobalSection
	GlobalSection(ProjectConfigurationPlatforms) = postSolution
		{3721FA6C-98E1-4A8A-A72D-AA152C29CA9A}.Debug|Any CPU.ActiveCfg = Debug|Any CPU
		{3721FA6C-98E1-4A8A-A72D-AA152C29CA9A}.Debug|Any CPU.Build.0 = Debug|Any CPU
		{3721FA6C-98E1-4A8A-A72D-AA152C29CA9A}.Release|Any CPU.ActiveCfg = Release|Any CPU
		{3721FA6C-98E1-4A8A-A72D-AA152C29CA9A}.Release|Any CPU.Build.0 = Release|Any CPU
	EndGlobalSection
	GlobalSection(SolutionProperties) = preSolution
		HideSolutionNode = FALSE
	EndGlobalSection
	GlobalSection(ExtensibilityGlobals) = postSolution
		SolutionGuid = {18351BD4-5EBF-4626-A12B-06B5D52AB9D4}
	EndGlobalSection
EndGlobal
